PODS:
  - ffmpeg-kit-macos-full-gpl (6.0)
  - ffmpeg_kit_flutter_full_gpl (6.0.3):
    - ffmpeg_kit_flutter_full_gpl/full-gpl (= 6.0.3)
    - FlutterMacOS
  - ffmpeg_kit_flutter_full_gpl/full-gpl (6.0.3):
    - ffmpeg-kit-macos-full-gpl (= 6.0)
    - FlutterMacOS
  - FlutterMacOS (1.0.0)
  - path_provider_foundation (0.0.1):
    - Flutter
    - FlutterMacOS
  - record_darwin (1.0.0):
    - Flutter
    - FlutterMacOS
  - whisper_flutter_new (0.0.1):
    - FlutterMacOS

DEPENDENCIES:
  - ffmpeg_kit_flutter_full_gpl (from `Flutter/ephemeral/.symlinks/plugins/ffmpeg_kit_flutter_full_gpl/macos`)
  - FlutterMacOS (from `Flutter/ephemeral`)
  - path_provider_foundation (from `Flutter/ephemeral/.symlinks/plugins/path_provider_foundation/darwin`)
  - record_darwin (from `Flutter/ephemeral/.symlinks/plugins/record_darwin/macos`)
  - whisper_flutter_new (from `Flutter/ephemeral/.symlinks/plugins/whisper_flutter_new/macos`)

SPEC REPOS:
  trunk:
    - ffmpeg-kit-macos-full-gpl

EXTERNAL SOURCES:
  ffmpeg_kit_flutter_full_gpl:
    :path: Flutter/ephemeral/.symlinks/plugins/ffmpeg_kit_flutter_full_gpl/macos
  FlutterMacOS:
    :path: Flutter/ephemeral
  path_provider_foundation:
    :path: Flutter/ephemeral/.symlinks/plugins/path_provider_foundation/darwin
  record_darwin:
    :path: Flutter/ephemeral/.symlinks/plugins/record_darwin/macos
  whisper_flutter_new:
    :path: Flutter/ephemeral/.symlinks/plugins/whisper_flutter_new/macos

SPEC CHECKSUMS:
  ffmpeg-kit-macos-full-gpl: c9bd04ddd4dc777db0ecda4e342bb4f5ad972157
  ffmpeg_kit_flutter_full_gpl: d381c7a487cb0eb535a19d87dbee2e3d57837e8c
  FlutterMacOS: 8f6f14fa908a6fb3fba0cd85dbd81ec4b251fb24
  path_provider_foundation: 080d55be775b7414fd5a5ef3ac137b97b097e564
  record_darwin: 0c21d4367390053cf94be5527b36dd4556a72fd2
  whisper_flutter_new: c7a26ebd503871863d4298a493b12b2e46e8d2fe

PODFILE CHECKSUM: f1715a907c7948e269f928300efb11ae1bb86dd6

COCOAPODS: 1.16.2
